<<<<<<< HEAD
Microsoft Visual Studio Solution File, Format Version 11.00
# Visual Studio 2008

Project("{0CE6CB8A-82D9-A47A-6D6E-AF5A89E4FA05}") = "test-12-tactile", "Assembly-CSharp-vs.csproj", "{C7C4F758-3ADA-3D48-2AFF-EC4673850F3A}"
EndProject
Global
	GlobalSection(SolutionConfigurationPlatforms) = preSolution
		Debug|Any CPU = Debug|Any CPU
		Release|Any CPU = Release|Any CPU
	EndGlobalSection
	GlobalSection(ProjectConfigurationPlatforms) = postSolution
		{C7C4F758-3ADA-3D48-2AFF-EC4673850F3A}.Debug|Any CPU.ActiveCfg = Debug|Any CPU
		{C7C4F758-3ADA-3D48-2AFF-EC4673850F3A}.Debug|Any CPU.Build.0 = Debug|Any CPU
		{C7C4F758-3ADA-3D48-2AFF-EC4673850F3A}.Release|Any CPU.ActiveCfg = Release|Any CPU
		{C7C4F758-3ADA-3D48-2AFF-EC4673850F3A}.Release|Any CPU.Build.0 = Release|Any CPU
	EndGlobalSection
	GlobalSection(SolutionProperties) = preSolution
		HideSolutionNode = FALSE
	EndGlobalSection
			GlobalSection(MonoDevelopProperties) = preSolution
		StartupItem = Assembly-CSharp.csproj
		Policies = $0
		$0.TextStylePolicy = $1
		$1.inheritsSet = null
		$1.scope = text/x-csharp
		$0.CSharpFormattingPolicy = $2
		$2.inheritsSet = Mono
		$2.inheritsScope = text/x-csharp
		$2.scope = text/x-csharp
		$0.TextStylePolicy = $3
		$3.FileWidth = 120
		$3.TabWidth = 4
		$3.IndentWidth = 4
		$3.EolMarker = Unix
		$3.inheritsSet = Mono
		$3.inheritsScope = text/plain
		$3.scope = text/plain
	EndGlobalSection

EndGlobal
=======
Microsoft Visual Studio Solution File, Format Version 11.00
# Visual Studio 2008

Project("{0CE6CB8A-82D9-A47A-6D6E-AF5A89E4FA05}") = "test-12-tactile", "Assembly-CSharp-vs.csproj", "{C7C4F758-3ADA-3D48-2AFF-EC4673850F3A}"
EndProject
Global
	GlobalSection(SolutionConfigurationPlatforms) = preSolution
		Debug|Any CPU = Debug|Any CPU
		Release|Any CPU = Release|Any CPU
	EndGlobalSection
	GlobalSection(ProjectConfigurationPlatforms) = postSolution
		{C7C4F758-3ADA-3D48-2AFF-EC4673850F3A}.Debug|Any CPU.ActiveCfg = Debug|Any CPU
		{C7C4F758-3ADA-3D48-2AFF-EC4673850F3A}.Debug|Any CPU.Build.0 = Debug|Any CPU
		{C7C4F758-3ADA-3D48-2AFF-EC4673850F3A}.Release|Any CPU.ActiveCfg = Release|Any CPU
		{C7C4F758-3ADA-3D48-2AFF-EC4673850F3A}.Release|Any CPU.Build.0 = Release|Any CPU
	EndGlobalSection
	GlobalSection(SolutionProperties) = preSolution
		HideSolutionNode = FALSE
	EndGlobalSection
								GlobalSection(MonoDevelopProperties) = preSolution
		StartupItem = Assembly-CSharp.csproj
		Policies = $0
		$0.TextStylePolicy = $1
		$1.inheritsSet = null
		$1.scope = text/x-csharp
		$0.CSharpFormattingPolicy = $2
		$2.inheritsSet = Mono
		$2.inheritsScope = text/x-csharp
		$2.scope = text/x-csharp
		$0.TextStylePolicy = $3
		$3.FileWidth = 120
		$3.TabWidth = 4
		$3.EolMarker = Unix
		$3.inheritsSet = Mono
		$3.inheritsScope = text/plain
		$3.scope = text/plain
	EndGlobalSection

EndGlobal
>>>>>>> a3abe1fc9eb4e98af616b6e113b09cf36956c1ce
